# This file is autogenerated, do not edit; changes may be undone by the next 'dep ensure'.


[[projects]]
  branch = "master"
  name = "github.com/Finciero/httprouter"
  packages = ["."]
  revision = "ad4521a78e4608ff4d0df2f41355b5080f5cd23f"

[[projects]]
  name = "github.com/julienschmidt/httprouter"
  packages = ["."]
  revision = "8c199fb6259ffc1af525cc3ad52ee60ba8359669"
  version = "v1.1"

[solve-meta]
  analyzer-name = "dep"
  analyzer-version = 1
  inputs-digest = "aa914dcc421aeec11eeb77b12ccf89842739bc9ecedc05d1294f3790e0b9b41b"
  solver-name = "gps-cdcl"
  solver-version = 1
